
Microsoft Visual Studio Solution File, Format Version 12.00
# Visual Studio Version 17
VisualStudioVersion = 17.0.32014.148
MinimumVisualStudioVersion = 10.0.40219.1
Project("{9A19103F-16F7-4668-BE54-9A1E7A4F7556}") = "MainServer", "MainServer\MainServer.csproj", "{6A2DCFD3-8D7F-4218-9465-879A58466F1E}"
EndProject
Project("{2150E333-8FDC-42A3-9474-1A3956D46DE8}") = "Servers", "Servers", "{E17D9FC9-BEDD-4E46-86E9-2C2F8D922B79}"
EndProject
Project("{9A19103F-16F7-4668-BE54-9A1E7A4F7556}") = "Mmogf.Servers", "Mmogf.Servers\Mmogf.Servers.csproj", "{DDA937D0-D0A1-44FD-AE2C-0DF899872805}"
EndProject
Project("{FAE04EC0-301F-11D3-BF4B-00C04F79EFBC}") = "Mmogf.Servers.Tests", "Mmogf.Servers.Tests\Mmogf.Servers.Tests.csproj", "{C463F041-36F6-491D-94F7-68EF5B221BDC}"
EndProject
Project("{FAE04EC0-301F-11D3-BF4B-00C04F79EFBC}") = "WebConsole", "WebConsole\WebConsole.csproj", "{90FE7E91-BFF7-40A6-84E9-F3ADA531F0EF}"
EndProject
Project("{FAE04EC0-301F-11D3-BF4B-00C04F79EFBC}") = "WebCommon", "WebCommon\WebCommon.csproj", "{2EC0222E-546C-4A4E-9B65-64EC564202EE}"
EndProject
Global
	GlobalSection(SolutionConfigurationPlatforms) = preSolution
		Debug|Any CPU = Debug|Any CPU
		Release|Any CPU = Release|Any CPU
	EndGlobalSection
	GlobalSection(ProjectConfigurationPlatforms) = postSolution
		{6A2DCFD3-8D7F-4218-9465-879A58466F1E}.Debug|Any CPU.ActiveCfg = Debug|Any CPU
		{6A2DCFD3-8D7F-4218-9465-879A58466F1E}.Debug|Any CPU.Build.0 = Debug|Any CPU
		{6A2DCFD3-8D7F-4218-9465-879A58466F1E}.Release|Any CPU.ActiveCfg = Release|Any CPU
		{6A2DCFD3-8D7F-4218-9465-879A58466F1E}.Release|Any CPU.Build.0 = Release|Any CPU
		{DDA937D0-D0A1-44FD-AE2C-0DF899872805}.Debug|Any CPU.ActiveCfg = Debug|Any CPU
		{DDA937D0-D0A1-44FD-AE2C-0DF899872805}.Debug|Any CPU.Build.0 = Debug|Any CPU
		{DDA937D0-D0A1-44FD-AE2C-0DF899872805}.Release|Any CPU.ActiveCfg = Release|Any CPU
		{DDA937D0-D0A1-44FD-AE2C-0DF899872805}.Release|Any CPU.Build.0 = Release|Any CPU
		{C463F041-36F6-491D-94F7-68EF5B221BDC}.Debug|Any CPU.ActiveCfg = Debug|Any CPU
		{C463F041-36F6-491D-94F7-68EF5B221BDC}.Debug|Any CPU.Build.0 = Debug|Any CPU
		{C463F041-36F6-491D-94F7-68EF5B221BDC}.Release|Any CPU.ActiveCfg = Release|Any CPU
		{C463F041-36F6-491D-94F7-68EF5B221BDC}.Release|Any CPU.Build.0 = Release|Any CPU
		{90FE7E91-BFF7-40A6-84E9-F3ADA531F0EF}.Debug|Any CPU.ActiveCfg = Debug|Any CPU
		{90FE7E91-BFF7-40A6-84E9-F3ADA531F0EF}.Debug|Any CPU.Build.0 = Debug|Any CPU
		{90FE7E91-BFF7-40A6-84E9-F3ADA531F0EF}.Release|Any CPU.ActiveCfg = Release|Any CPU
		{90FE7E91-BFF7-40A6-84E9-F3ADA531F0EF}.Release|Any CPU.Build.0 = Release|Any CPU
		{2EC0222E-546C-4A4E-9B65-64EC564202EE}.Debug|Any CPU.ActiveCfg = Debug|Any CPU
		{2EC0222E-546C-4A4E-9B65-64EC564202EE}.Debug|Any CPU.Build.0 = Debug|Any CPU
		{2EC0222E-546C-4A4E-9B65-64EC564202EE}.Release|Any CPU.ActiveCfg = Release|Any CPU
		{2EC0222E-546C-4A4E-9B65-64EC564202EE}.Release|Any CPU.Build.0 = Release|Any CPU
	EndGlobalSection
	GlobalSection(SolutionProperties) = preSolution
		HideSolutionNode = FALSE
	EndGlobalSection
	GlobalSection(NestedProjects) = preSolution
		{6A2DCFD3-8D7F-4218-9465-879A58466F1E} = {E17D9FC9-BEDD-4E46-86E9-2C2F8D922B79}
		{90FE7E91-BFF7-40A6-84E9-F3ADA531F0EF} = {E17D9FC9-BEDD-4E46-86E9-2C2F8D922B79}
		{2EC0222E-546C-4A4E-9B65-64EC564202EE} = {E17D9FC9-BEDD-4E46-86E9-2C2F8D922B79}
	EndGlobalSection
	GlobalSection(ExtensibilityGlobals) = postSolution
		SolutionGuid = {F2E8B9E4-6F50-4DC4-BB90-ABF1D6B8A92B}
	EndGlobalSection
EndGlobal
