
Microsoft Visual Studio Solution File, Format Version 12.00
# Visual Studio Version 17
VisualStudioVersion = 17.0.32014.148
MinimumVisualStudioVersion = 10.0.40219.1
Project("{9A19103F-16F7-4668-BE54-9A1E7A4F7556}") = "MainServer", "MainServer\MainServer.csproj", "{6A2DCFD3-8D7F-4218-9465-879A58466F1E}"
EndProject
Project("{9A19103F-16F7-4668-BE54-9A1E7A4F7556}") = "ExampleWorker", "ExampleWorker\ExampleWorker.csproj", "{4062DBCA-6C65-4F4A-9303-F5537B20100E}"
EndProject
Project("{2150E333-8FDC-42A3-9474-1A3956D46DE8}") = "Servers", "Servers", "{E17D9FC9-BEDD-4E46-86E9-2C2F8D922B79}"
EndProject
Project("{9A19103F-16F7-4668-BE54-9A1E7A4F7556}") = "Mmogf.Servers", "Mmogf.Servers\Mmogf.Servers.csproj", "{DDA937D0-D0A1-44FD-AE2C-0DF899872805}"
EndProject
Project("{9A19103F-16F7-4668-BE54-9A1E7A4F7556}") = "MmoWorkers", "MmoWorkers\MmoWorkers.csproj", "{D1268C8B-9141-4888-B82F-F26BB8A565F1}"
EndProject
Global
	GlobalSection(SolutionConfigurationPlatforms) = preSolution
		Debug|Any CPU = Debug|Any CPU
		Release|Any CPU = Release|Any CPU
	EndGlobalSection
	GlobalSection(ProjectConfigurationPlatforms) = postSolution
		{6A2DCFD3-8D7F-4218-9465-879A58466F1E}.Debug|Any CPU.ActiveCfg = Debug|Any CPU
		{6A2DCFD3-8D7F-4218-9465-879A58466F1E}.Debug|Any CPU.Build.0 = Debug|Any CPU
		{6A2DCFD3-8D7F-4218-9465-879A58466F1E}.Release|Any CPU.ActiveCfg = Release|Any CPU
		{6A2DCFD3-8D7F-4218-9465-879A58466F1E}.Release|Any CPU.Build.0 = Release|Any CPU
		{4062DBCA-6C65-4F4A-9303-F5537B20100E}.Debug|Any CPU.ActiveCfg = Debug|Any CPU
		{4062DBCA-6C65-4F4A-9303-F5537B20100E}.Debug|Any CPU.Build.0 = Debug|Any CPU
		{4062DBCA-6C65-4F4A-9303-F5537B20100E}.Release|Any CPU.ActiveCfg = Release|Any CPU
		{4062DBCA-6C65-4F4A-9303-F5537B20100E}.Release|Any CPU.Build.0 = Release|Any CPU
		{DDA937D0-D0A1-44FD-AE2C-0DF899872805}.Debug|Any CPU.ActiveCfg = Debug|Any CPU
		{DDA937D0-D0A1-44FD-AE2C-0DF899872805}.Debug|Any CPU.Build.0 = Debug|Any CPU
		{DDA937D0-D0A1-44FD-AE2C-0DF899872805}.Release|Any CPU.ActiveCfg = Release|Any CPU
		{DDA937D0-D0A1-44FD-AE2C-0DF899872805}.Release|Any CPU.Build.0 = Release|Any CPU
		{D1268C8B-9141-4888-B82F-F26BB8A565F1}.Debug|Any CPU.ActiveCfg = Debug|Any CPU
		{D1268C8B-9141-4888-B82F-F26BB8A565F1}.Debug|Any CPU.Build.0 = Debug|Any CPU
		{D1268C8B-9141-4888-B82F-F26BB8A565F1}.Release|Any CPU.ActiveCfg = Release|Any CPU
		{D1268C8B-9141-4888-B82F-F26BB8A565F1}.Release|Any CPU.Build.0 = Release|Any CPU
	EndGlobalSection
	GlobalSection(SolutionProperties) = preSolution
		HideSolutionNode = FALSE
	EndGlobalSection
	GlobalSection(NestedProjects) = preSolution
		{6A2DCFD3-8D7F-4218-9465-879A58466F1E} = {E17D9FC9-BEDD-4E46-86E9-2C2F8D922B79}
		{4062DBCA-6C65-4F4A-9303-F5537B20100E} = {E17D9FC9-BEDD-4E46-86E9-2C2F8D922B79}
	EndGlobalSection
	GlobalSection(ExtensibilityGlobals) = postSolution
		SolutionGuid = {F2E8B9E4-6F50-4DC4-BB90-ABF1D6B8A92B}
	EndGlobalSection
EndGlobal
